// !$*UTF8*$!
{
	archiveVersion = 1;
	classes = {
	};
	objectVersion = 56;
	objects = {

/* Begin PBXBuildFile section */
		D99348522959F170009EE877 /* AppDelegate.swift in Sources */ = {isa = PBXBuildFile; fileRef = D99348512959F170009EE877 /* AppDelegate.swift */; };
		D99348542959F170009EE877 /* SceneDelegate.swift in Sources */ = {isa = PBXBuildFile; fileRef = D99348532959F170009EE877 /* SceneDelegate.swift */; };
		D99348562959F170009EE877 /* FormViewController.swift in Sources */ = {isa = PBXBuildFile; fileRef = D99348552959F170009EE877 /* FormViewController.swift */; };
		D993485B2959F172009EE877 /* Assets.xcassets in Resources */ = {isa = PBXBuildFile; fileRef = D993485A2959F172009EE877 /* Assets.xcassets */; };
		D993485E2959F172009EE877 /* LaunchScreen.storyboard in Resources */ = {isa = PBXBuildFile; fileRef = D993485C2959F172009EE877 /* LaunchScreen.storyboard */; };
		D99348692959F783009EE877 /* Viewcode.swift in Sources */ = {isa = PBXBuildFile; fileRef = D99348682959F783009EE877 /* Viewcode.swift */; };
		D993486B295A367B009EE877 /* UIAlertController+showAlert.swift in Sources */ = {isa = PBXBuildFile; fileRef = D993486A295A367B009EE877 /* UIAlertController+showAlert.swift */; };
/* End PBXBuildFile section */

/* Begin PBXFileReference section */
		D993484E2959F170009EE877 /* ex 4.2 Viewcode-training-form.app */ = {isa = PBXFileReference; explicitFileType = wrapper.application; includeInIndex = 0; path = "ex 4.2 Viewcode-training-form.app"; sourceTree = BUILT_PRODUCTS_DIR; };
		D99348512959F170009EE877 /* AppDelegate.swift */ = {isa = PBXFileReference; lastKnownFileType = sourcecode.swift; path = AppDelegate.swift; sourceTree = "<group>"; };
		D99348532959F170009EE877 /* SceneDelegate.swift */ = {isa = PBXFileReference; lastKnownFileType = sourcecode.swift; path = SceneDelegate.swift; sourceTree = "<group>"; };
		D99348552959F170009EE877 /* FormViewController.swift */ = {isa = PBXFileReference; lastKnownFileType = sourcecode.swift; path = FormViewController.swift; sourceTree = "<group>"; };
		D993485A2959F172009EE877 /* Assets.xcassets */ = {isa = PBXFileReference; lastKnownFileType = folder.assetcatalog; path = Assets.xcassets; sourceTree = "<group>"; };
		D993485D2959F172009EE877 /* Base */ = {isa = PBXFileReference; lastKnownFileType = file.storyboard; name = Base; path = Base.lproj/LaunchScreen.storyboard; sourceTree = "<group>"; };
		D993485F2959F172009EE877 /* Info.plist */ = {isa = PBXFileReference; lastKnownFileType = text.plist.xml; path = Info.plist; sourceTree = "<group>"; };
		D99348682959F783009EE877 /* Viewcode.swift */ = {isa = PBXFileReference; lastKnownFileType = sourcecode.swift; path = Viewcode.swift; sourceTree = "<group>"; };
		D993486A295A367B009EE877 /* UIAlertController+showAlert.swift */ = {isa = PBXFileReference; lastKnownFileType = sourcecode.swift; path = "UIAlertController+showAlert.swift"; sourceTree = "<group>"; };
/* End PBXFileReference section */

/* Begin PBXFrameworksBuildPhase section */
		D993484B2959F170009EE877 /* Frameworks */ = {
			isa = PBXFrameworksBuildPhase;
			buildActionMask = 2147483647;
			files = (
			);
			runOnlyForDeploymentPostprocessing = 0;
		};
/* End PBXFrameworksBuildPhase section */

/* Begin PBXGroup section */
		D99348452959F170009EE877 = {
			isa = PBXGroup;
			children = (
				D99348502959F170009EE877 /* ex 4.2 Viewcode-training-form */,
				D993484F2959F170009EE877 /* Products */,
			);
			sourceTree = "<group>";
		};
		D993484F2959F170009EE877 /* Products */ = {
			isa = PBXGroup;
			children = (
				D993484E2959F170009EE877 /* ex 4.2 Viewcode-training-form.app */,
			);
			name = Products;
			sourceTree = "<group>";
		};
		D99348502959F170009EE877 /* ex 4.2 Viewcode-training-form */ = {
			isa = PBXGroup;
			children = (
				D99348652959F182009EE877 /* Supportive files */,
				D99348662959F20D009EE877 /* Extensions */,
				D993486C295A3AED009EE877 /* Scenes */,
				D993485A2959F172009EE877 /* Assets.xcassets */,
				D993485F2959F172009EE877 /* Info.plist */,
			);
			path = "ex 4.2 Viewcode-training-form";
			sourceTree = "<group>";
		};
		D99348652959F182009EE877 /* Supportive files */ = {
			isa = PBXGroup;
			children = (
				D99348512959F170009EE877 /* AppDelegate.swift */,
				D99348532959F170009EE877 /* SceneDelegate.swift */,
				D993485C2959F172009EE877 /* LaunchScreen.storyboard */,
			);
			name = "Supportive files";
			sourceTree = "<group>";
		};
		D99348662959F20D009EE877 /* Extensions */ = {
			isa = PBXGroup;
			children = (
				D99348682959F783009EE877 /* Viewcode.swift */,
				D993486A295A367B009EE877 /* UIAlertController+showAlert.swift */,
			);
			path = Extensions;
			sourceTree = "<group>";
		};
		D993486C295A3AED009EE877 /* Scenes */ = {
			isa = PBXGroup;
			children = (
				D99348552959F170009EE877 /* FormViewController.swift */,
			);
			path = Scenes;
			sourceTree = "<group>";
		};
/* End PBXGroup section */

/* Begin PBXNativeTarget section */
		D993484D2959F170009EE877 /* ex 4.2 Viewcode-training-form */ = {
			isa = PBXNativeTarget;
			buildConfigurationList = D99348622959F172009EE877 /* Build configuration list for PBXNativeTarget "ex 4.2 Viewcode-training-form" */;
			buildPhases = (
				D993484A2959F170009EE877 /* Sources */,
				D993484B2959F170009EE877 /* Frameworks */,
				D993484C2959F170009EE877 /* Resources */,
			);
			buildRules = (
			);
			dependencies = (
			);
			name = "ex 4.2 Viewcode-training-form";
			productName = "ex 4.2 Viewcode-training-form";
			productReference = D993484E2959F170009EE877 /* ex 4.2 Viewcode-training-form.app */;
			productType = "com.apple.product-type.application";
		};
/* End PBXNativeTarget section */

/* Begin PBXProject section */
		D99348462959F170009EE877 /* Project object */ = {
			isa = PBXProject;
			attributes = {
				BuildIndependentTargetsInParallel = 1;
				LastSwiftUpdateCheck = 1400;
				LastUpgradeCheck = 1400;
				TargetAttributes = {
					D993484D2959F170009EE877 = {
						CreatedOnToolsVersion = 14.0.1;
					};
				};
			};
			buildConfigurationList = D99348492959F170009EE877 /* Build configuration list for PBXProject "ex 4.2 Viewcode-training-form" */;
			compatibilityVersion = "Xcode 14.0";
			developmentRegion = en;
			hasScannedForEncodings = 0;
			knownRegions = (
				en,
				Base,
			);
			mainGroup = D99348452959F170009EE877;
			productRefGroup = D993484F2959F170009EE877 /* Products */;
			projectDirPath = "";
			projectRoot = "";
			targets = (
				D993484D2959F170009EE877 /* ex 4.2 Viewcode-training-form */,
			);
		};
/* End PBXProject section */

/* Begin PBXResourcesBuildPhase section */
		D993484C2959F170009EE877 /* Resources */ = {
			isa = PBXResourcesBuildPhase;
			buildActionMask = 2147483647;
			files = (
				D993485E2959F172009EE877 /* LaunchScreen.storyboard in Resources */,
				D993485B2959F172009EE877 /* Assets.xcassets in Resources */,
			);
			runOnlyForDeploymentPostprocessing = 0;
		};
/* End PBXResourcesBuildPhase section */

/* Begin PBXSourcesBuildPhase section */
		D993484A2959F170009EE877 /* Sources */ = {
			isa = PBXSourcesBuildPhase;
			buildActionMask = 2147483647;
			files = (
				D993486B295A367B009EE877 /* UIAlertController+showAlert.swift in Sources */,
				D99348562959F170009EE877 /* FormViewController.swift in Sources */,
				D99348522959F170009EE877 /* AppDelegate.swift in Sources */,
				D99348542959F170009EE877 /* SceneDelegate.swift in Sources */,
				D99348692959F783009EE877 /* Viewcode.swift in Sources */,
			);
			runOnlyForDeploymentPostprocessing = 0;
		};
/* End PBXSourcesBuildPhase section */

/* Begin PBXVariantGroup section */
		D993485C2959F172009EE877 /* LaunchScreen.storyboard */ = {
			isa = PBXVariantGroup;
			children = (
				D993485D2959F172009EE877 /* Base */,
			);
			name = LaunchScreen.storyboard;
			sourceTree = "<group>";
		};
/* End PBXVariantGroup section */

/* Begin XCBuildConfiguration section */
		D99348602959F172009EE877 /* Debug */ = {
			isa = XCBuildConfiguration;
			buildSettings = {
				ALWAYS_SEARCH_USER_PATHS = NO;
				CLANG_ANALYZER_NONNULL = YES;
				CLANG_ANALYZER_NUMBER_OBJECT_CONVERSION = YES_AGGRESSIVE;
				CLANG_CXX_LANGUAGE_STANDARD = "gnu++20";
				CLANG_ENABLE_MODULES = YES;
				CLANG_ENABLE_OBJC_ARC = YES;
				CLANG_ENABLE_OBJC_WEAK = YES;
				CLANG_WARN_BLOCK_CAPTURE_AUTORELEASING = YES;
				CLANG_WARN_BOOL_CONVERSION = YES;
				CLANG_WARN_COMMA = YES;
				CLANG_WARN_CONSTANT_CONVERSION = YES;
				CLANG_WARN_DEPRECATED_OBJC_IMPLEMENTATIONS = YES;
				CLANG_WARN_DIRECT_OBJC_ISA_USAGE = YES_ERROR;
				CLANG_WARN_DOCUMENTATION_COMMENTS = YES;
				CLANG_WARN_EMPTY_BODY = YES;
				CLANG_WARN_ENUM_CONVERSION = YES;
				CLANG_WARN_INFINITE_RECURSION = YES;
				CLANG_WARN_INT_CONVERSION = YES;
				CLANG_WARN_NON_LITERAL_NULL_CONVERSION = YES;
				CLANG_WARN_OBJC_IMPLICIT_RETAIN_SELF = YES;
				CLANG_WARN_OBJC_LITERAL_CONVERSION = YES;
				CLANG_WARN_OBJC_ROOT_CLASS = YES_ERROR;
				CLANG_WARN_QUOTED_INCLUDE_IN_FRAMEWORK_HEADER = YES;
				CLANG_WARN_RANGE_LOOP_ANALYSIS = YES;
				CLANG_WARN_STRICT_PROTOTYPES = YES;
				CLANG_WARN_SUSPICIOUS_MOVE = YES;
				CLANG_WARN_UNGUARDED_AVAILABILITY = YES_AGGRESSIVE;
				CLANG_WARN_UNREACHABLE_CODE = YES;
				CLANG_WARN__DUPLICATE_METHOD_MATCH = YES;
				COPY_PHASE_STRIP = NO;
				DEBUG_INFORMATION_FORMAT = dwarf;
				ENABLE_STRICT_OBJC_MSGSEND = YES;
				ENABLE_TESTABILITY = YES;
				GCC_C_LANGUAGE_STANDARD = gnu11;
				GCC_DYNAMIC_NO_PIC = NO;
				GCC_NO_COMMON_BLOCKS = YES;
				GCC_OPTIMIZATION_LEVEL = 0;
				GCC_PREPROCESSOR_DEFINITIONS = (
					"DEBUG=1",
					"$(inherited)",
				);
				GCC_WARN_64_TO_32_BIT_CONVERSION = YES;
				GCC_WARN_ABOUT_RETURN_TYPE = YES_ERROR;
				GCC_WARN_UNDECLARED_SELECTOR = YES;
				GCC_WARN_UNINITIALIZED_AUTOS = YES_AGGRESSIVE;
				GCC_WARN_UNUSED_FUNCTION = YES;
				GCC_WARN_UNUSED_VARIABLE = YES;
				IPHONEOS_DEPLOYMENT_TARGET = 16.0;
				MTL_ENABLE_DEBUG_INFO = INCLUDE_SOURCE;
				MTL_FAST_MATH = YES;
				ONLY_ACTIVE_ARCH = YES;
				SDKROOT = iphoneos;
				SWIFT_ACTIVE_COMPILATION_CONDITIONS = DEBUG;
				SWIFT_OPTIMIZATION_LEVEL = "-Onone";
			};
			name = Debug;
		};
		D99348612959F172009EE877 /* Release */ = {
			isa = XCBuildConfiguration;
			buildSettings = {
				ALWAYS_SEARCH_USER_PATHS = NO;
				CLANG_ANALYZER_NONNULL = YES;
				CLANG_ANALYZER_NUMBER_OBJECT_CONVERSION = YES_AGGRESSIVE;
				CLANG_CXX_LANGUAGE_STANDARD = "gnu++20";
				CLANG_ENABLE_MODULES = YES;
				CLANG_ENABLE_OBJC_ARC = YES;
				CLANG_ENABLE_OBJC_WEAK = YES;
				CLANG_WARN_BLOCK_CAPTURE_AUTORELEASING = YES;
				CLANG_WARN_BOOL_CONVERSION = YES;
				CLANG_WARN_COMMA = YES;
				CLANG_WARN_CONSTANT_CONVERSION = YES;
				CLANG_WARN_DEPRECATED_OBJC_IMPLEMENTATIONS = YES;
				CLANG_WARN_DIRECT_OBJC_ISA_USAGE = YES_ERROR;
				CLANG_WARN_DOCUMENTATION_COMMENTS = YES;
				CLANG_WARN_EMPTY_BODY = YES;
				CLANG_WARN_ENUM_CONVERSION = YES;
				CLANG_WARN_INFINITE_RECURSION = YES;
				CLANG_WARN_INT_CONVERSION = YES;
				CLANG_WARN_NON_LITERAL_NULL_CONVERSION = YES;
				CLANG_WARN_OBJC_IMPLICIT_RETAIN_SELF = YES;
				CLANG_WARN_OBJC_LITERAL_CONVERSION = YES;
				CLANG_WARN_OBJC_ROOT_CLASS = YES_ERROR;
				CLANG_WARN_QUOTED_INCLUDE_IN_FRAMEWORK_HEADER = YES;
				CLANG_WARN_RANGE_LOOP_ANALYSIS = YES;
				CLANG_WARN_STRICT_PROTOTYPES = YES;
				CLANG_WARN_SUSPICIOUS_MOVE = YES;
				CLANG_WARN_UNGUARDED_AVAILABILITY = YES_AGGRESSIVE;
				CLANG_WARN_UNREACHABLE_CODE = YES;
				CLANG_WARN__DUPLICATE_METHOD_MATCH = YES;
				COPY_PHASE_STRIP = NO;
				DEBUG_INFORMATION_FORMAT = "dwarf-with-dsym";
				ENABLE_NS_ASSERTIONS = NO;
				ENABLE_STRICT_OBJC_MSGSEND = YES;
				GCC_C_LANGUAGE_STANDARD = gnu11;
				GCC_NO_COMMON_BLOCKS = YES;
				GCC_WARN_64_TO_32_BIT_CONVERSION = YES;
				GCC_WARN_ABOUT_RETURN_TYPE = YES_ERROR;
				GCC_WARN_UNDECLARED_SELECTOR = YES;
				GCC_WARN_UNINITIALIZED_AUTOS = YES_AGGRESSIVE;
				GCC_WARN_UNUSED_FUNCTION = YES;
				GCC_WARN_UNUSED_VARIABLE = YES;
				IPHONEOS_DEPLOYMENT_TARGET = 16.0;
				MTL_ENABLE_DEBUG_INFO = NO;
				MTL_FAST_MATH = YES;
				SDKROOT = iphoneos;
				SWIFT_COMPILATION_MODE = wholemodule;
				SWIFT_OPTIMIZATION_LEVEL = "-O";
				VALIDATE_PRODUCT = YES;
			};
			name = Release;
		};
		D99348632959F172009EE877 /* Debug */ = {
			isa = XCBuildConfiguration;
			buildSettings = {
				ASSETCATALOG_COMPILER_APPICON_NAME = AppIcon;
				ASSETCATALOG_COMPILER_GLOBAL_ACCENT_COLOR_NAME = AccentColor;
				CODE_SIGN_STYLE = Automatic;
				CURRENT_PROJECT_VERSION = 1;
				DEVELOPMENT_TEAM = 348USD6PQP;
				GENERATE_INFOPLIST_FILE = YES;
				INFOPLIST_FILE = "ex 4.2 Viewcode-training-form/Info.plist";
				INFOPLIST_KEY_UIApplicationSupportsIndirectInputEvents = YES;
				INFOPLIST_KEY_UILaunchStoryboardName = LaunchScreen;
				INFOPLIST_KEY_UISupportedInterfaceOrientations_iPad = "UIInterfaceOrientationPortrait UIInterfaceOrientationPortraitUpsideDown UIInterfaceOrientationLandscapeLeft UIInterfaceOrientationLandscapeRight";
				INFOPLIST_KEY_UISupportedInterfaceOrientations_iPhone = "UIInterfaceOrientationPortrait UIInterfaceOrientationLandscapeLeft UIInterfaceOrientationLandscapeRight";
				LD_RUNPATH_SEARCH_PATHS = (
					"$(inherited)",
					"@executable_path/Frameworks",
				);
				MARKETING_VERSION = 1.0;
				PRODUCT_BUNDLE_IDENTIFIER = "br.com.zup.ex-4-2-Viewcode-training-form";
				PRODUCT_NAME = "$(TARGET_NAME)";
				SWIFT_EMIT_LOC_STRINGS = YES;
				SWIFT_VERSION = 5.0;
				TARGETED_DEVICE_FAMILY = "1,2";
			};
			name = Debug;
		};
		D99348642959F172009EE877 /* Release */ = {
			isa = XCBuildConfiguration;
			buildSettings = {
				ASSETCATALOG_COMPILER_APPICON_NAME = AppIcon;
				ASSETCATALOG_COMPILER_GLOBAL_ACCENT_COLOR_NAME = AccentColor;
				CODE_SIGN_STYLE = Automatic;
				CURRENT_PROJECT_VERSION = 1;
				DEVELOPMENT_TEAM = 348USD6PQP;
				GENERATE_INFOPLIST_FILE = YES;
				INFOPLIST_FILE = "ex 4.2 Viewcode-training-form/Info.plist";
				INFOPLIST_KEY_UIApplicationSupportsIndirectInputEvents = YES;
				INFOPLIST_KEY_UILaunchStoryboardName = LaunchScreen;
				INFOPLIST_KEY_UISupportedInterfaceOrientations_iPad = "UIInterfaceOrientationPortrait UIInterfaceOrientationPortraitUpsideDown UIInterfaceOrientationLandscapeLeft UIInterfaceOrientationLandscapeRight";
				INFOPLIST_KEY_UISupportedInterfaceOrientations_iPhone = "UIInterfaceOrientationPortrait UIInterfaceOrientationLandscapeLeft UIInterfaceOrientationLandscapeRight";
				LD_RUNPATH_SEARCH_PATHS = (
					"$(inherited)",
					"@executable_path/Frameworks",
				);
				MARKETING_VERSION = 1.0;
				PRODUCT_BUNDLE_IDENTIFIER = "br.com.zup.ex-4-2-Viewcode-training-form";
				PRODUCT_NAME = "$(TARGET_NAME)";
				SWIFT_EMIT_LOC_STRINGS = YES;
				SWIFT_VERSION = 5.0;
				TARGETED_DEVICE_FAMILY = "1,2";
			};
			name = Release;
		};
/* End XCBuildConfiguration section */

/* Begin XCConfigurationList section */
		D99348492959F170009EE877 /* Build configuration list for PBXProject "ex 4.2 Viewcode-training-form" */ = {
			isa = XCConfigurationList;
			buildConfigurations = (
				D99348602959F172009EE877 /* Debug */,
				D99348612959F172009EE877 /* Release */,
			);
			defaultConfigurationIsVisible = 0;
			defaultConfigurationName = Release;
		};
		D99348622959F172009EE877 /* Build configuration list for PBXNativeTarget "ex 4.2 Viewcode-training-form" */ = {
			isa = XCConfigurationList;
			buildConfigurations = (
				D99348632959F172009EE877 /* Debug */,
				D99348642959F172009EE877 /* Release */,
			);
			defaultConfigurationIsVisible = 0;
			defaultConfigurationName = Release;
		};
/* End XCConfigurationList section */
	};
	rootObject = D99348462959F170009EE877 /* Project object */;
}
